
Microsoft Visual Studio Solution File, Format Version 12.00
# Visual Studio Version 17
VisualStudioVersion = 17.0.32112.339
MinimumVisualStudioVersion = 10.0.40219.1
Project("{FAE04EC0-301F-11D3-BF4B-00C04F79EFBC}") = "Examen1erParcial", "Examen1erParcial\Examen1erParcial.csproj", "{F7BFC4AA-023C-40DB-9D1F-9212768DEADD}"
EndProject
Global
	GlobalSection(SolutionConfigurationPlatforms) = preSolution
		Debug|Any CPU = Debug|Any CPU
		Release|Any CPU = Release|Any CPU
	EndGlobalSection
	GlobalSection(ProjectConfigurationPlatforms) = postSolution
		{F7BFC4AA-023C-40DB-9D1F-9212768DEADD}.Debug|Any CPU.ActiveCfg = Debug|Any CPU
		{F7BFC4AA-023C-40DB-9D1F-9212768DEADD}.Debug|Any CPU.Build.0 = Debug|Any CPU
		{F7BFC4AA-023C-40DB-9D1F-9212768DEADD}.Release|Any CPU.ActiveCfg = Release|Any CPU
		{F7BFC4AA-023C-40DB-9D1F-9212768DEADD}.Release|Any CPU.Build.0 = Release|Any CPU
	EndGlobalSection
	GlobalSection(SolutionProperties) = preSolution
		HideSolutionNode = FALSE
	EndGlobalSection
	GlobalSection(ExtensibilityGlobals) = postSolution
		SolutionGuid = {B00775B8-D435-4049-9D72-81A20C543148}
	EndGlobalSection
EndGlobal
